
Microsoft Visual Studio Solution File, Format Version 12.00
Project("{FAE04EC0-301F-11D3-BF4B-00C04F79EFBC}") = "RPN-Calculator.Web", "RPN-Calculator.Web\RPN-Calculator.Web.csproj", "{7256AF76-8D28-4413-A9A3-20AC3F6A3921}"
EndProject
Project("{FAE04EC0-301F-11D3-BF4B-00C04F79EFBC}") = "RPN-Calculator.Common", "RPN-Calculator.Common\RPN-Calculator.Common.csproj", "{D9E48D75-233E-4398-9B67-F61B43C4DFCD}"
EndProject
Project("{FAE04EC0-301F-11D3-BF4B-00C04F79EFBC}") = "RPN-Calculator.Mobile", "RPN-Calculator.Mobile\RPN-Calculator.Mobile.csproj", "{E1CD3C29-459C-4D0D-BC5F-4D2B6DAEF54C}"
EndProject
Project("{FAE04EC0-301F-11D3-BF4B-00C04F79EFBC}") = "RPN-Calculator.Desktop", "RPN-Calculator.Desktop\RPN-Calculator.Desktop.csproj", "{88A1F72B-265D-42CA-8E28-4CB78B71E565}"
EndProject
Global
	GlobalSection(SolutionConfigurationPlatforms) = preSolution
		Debug|Any CPU = Debug|Any CPU
		Release|Any CPU = Release|Any CPU
	EndGlobalSection
	GlobalSection(ProjectConfigurationPlatforms) = postSolution
		{7256AF76-8D28-4413-A9A3-20AC3F6A3921}.Debug|Any CPU.ActiveCfg = Debug|Any CPU
		{7256AF76-8D28-4413-A9A3-20AC3F6A3921}.Debug|Any CPU.Build.0 = Debug|Any CPU
		{7256AF76-8D28-4413-A9A3-20AC3F6A3921}.Release|Any CPU.ActiveCfg = Release|Any CPU
		{7256AF76-8D28-4413-A9A3-20AC3F6A3921}.Release|Any CPU.Build.0 = Release|Any CPU
		{D9E48D75-233E-4398-9B67-F61B43C4DFCD}.Debug|Any CPU.ActiveCfg = Debug|Any CPU
		{D9E48D75-233E-4398-9B67-F61B43C4DFCD}.Debug|Any CPU.Build.0 = Debug|Any CPU
		{D9E48D75-233E-4398-9B67-F61B43C4DFCD}.Release|Any CPU.ActiveCfg = Release|Any CPU
		{D9E48D75-233E-4398-9B67-F61B43C4DFCD}.Release|Any CPU.Build.0 = Release|Any CPU
		{E1CD3C29-459C-4D0D-BC5F-4D2B6DAEF54C}.Debug|Any CPU.ActiveCfg = Debug|Any CPU
		{E1CD3C29-459C-4D0D-BC5F-4D2B6DAEF54C}.Debug|Any CPU.Build.0 = Debug|Any CPU
		{E1CD3C29-459C-4D0D-BC5F-4D2B6DAEF54C}.Release|Any CPU.ActiveCfg = Release|Any CPU
		{E1CD3C29-459C-4D0D-BC5F-4D2B6DAEF54C}.Release|Any CPU.Build.0 = Release|Any CPU
		{88A1F72B-265D-42CA-8E28-4CB78B71E565}.Debug|Any CPU.ActiveCfg = Debug|Any CPU
		{88A1F72B-265D-42CA-8E28-4CB78B71E565}.Debug|Any CPU.Build.0 = Debug|Any CPU
		{88A1F72B-265D-42CA-8E28-4CB78B71E565}.Release|Any CPU.ActiveCfg = Release|Any CPU
		{88A1F72B-265D-42CA-8E28-4CB78B71E565}.Release|Any CPU.Build.0 = Release|Any CPU
	EndGlobalSection
EndGlobal
